
Microsoft Visual Studio Solution File, Format Version 12.00
# Visual Studio Version 17
VisualStudioVersion = 17.11.35222.181
MinimumVisualStudioVersion = 10.0.40219.1
Project("{9A19103F-16F7-4668-BE54-9A1E7A4F7556}") = "leave_management_system.Web", "leave_management_system.Web\leave_management_system.Web.csproj", "{55B50E3A-E559-4363-B04F-A1DDE3C90353}"
EndProject
Global
	GlobalSection(SolutionConfigurationPlatforms) = preSolution
		Debug|Any CPU = Debug|Any CPU
		Release|Any CPU = Release|Any CPU
	EndGlobalSection
	GlobalSection(ProjectConfigurationPlatforms) = postSolution
		{55B50E3A-E559-4363-B04F-A1DDE3C90353}.Debug|Any CPU.ActiveCfg = Debug|Any CPU
		{55B50E3A-E559-4363-B04F-A1DDE3C90353}.Debug|Any CPU.Build.0 = Debug|Any CPU
		{55B50E3A-E559-4363-B04F-A1DDE3C90353}.Release|Any CPU.ActiveCfg = Release|Any CPU
		{55B50E3A-E559-4363-B04F-A1DDE3C90353}.Release|Any CPU.Build.0 = Release|Any CPU
	EndGlobalSection
	GlobalSection(SolutionProperties) = preSolution
		HideSolutionNode = FALSE
	EndGlobalSection
	GlobalSection(ExtensibilityGlobals) = postSolution
		SolutionGuid = {FA4447C8-CB24-42DD-8A95-AD5243180B67}
	EndGlobalSection
EndGlobal
